{
    "_meta": {
        "hash": {
            "sha256": "5563c09ef5d72277304767056a46b09cd19b666db1def03f95151d06e35317db"
        },
        "pipfile-spec": 6,
        "requires": {
            "python_version": "3.9"
        },
        "sources": [
            {
                "name": "pypi",
                "url": "https://pypi.org/simple",
                "verify_ssl": true
            }
        ]
    },
    "default": {
        "engi-cli": {
            "editable": true,
            "git": "https://github.com/engi-network/cli.git",
            "ref": "6f7a181ec335e0d769dc1fada7288131e951ea5a"
        }
    },
    "develop": {}
}
